{
    "_meta": {
        "hash": {
            "sha256": "a3783045022e89be318f5915e0b3afb15f410b8487449bab2d6107f151c13b6c"
        },
        "pipfile-spec": 6,
        "requires": {
            "python_version": "2.7"
        },
        "sources": [
            {
                "name": "pypi",
                "url": "https://pypi.org/simple",
                "verify_ssl": true
            }
        ]
    },
    "default": {
        "aplpy": {
            "hashes": [
                "sha256:1c3bc9972da5f738435449e5e8483824129f2a18e7426f0a8c2c06a1ef3b4b4b"
            ],
            "index": "pypi",
            "version": "==1.1.1"
        },
        "argparse": {
            "hashes": [
                "sha256:62b089a55be1d8949cd2bc7e0df0bddb9e028faefc8c32038cc84862aefdd6e4",
                "sha256:c31647edb69fd3d465a847ea3157d37bed1f95f19760b11a47aa91c04b666314"
            ],
            "version": "==1.4.0"
        },
        "astropy": {
            "hashes": [
                "sha256:11fe2e14a6dd1458a8286d43f13cb2390962efde5cf25f7ffaeb3ef6d720d967",
                "sha256:21833b3016c2c731074248ad6b961e10e6135e942eae038af96a6266a023b6d2",
                "sha256:34ccf37ccab1e00b95819a58328ef68a5877ef8c7c25b21939f601ac2729b026",
                "sha256:377baa69bf9592f5ab2cd32cde72613d9ff163682d68616a87f33d2f245d3c53",
                "sha256:56b841bf46e284a615fb0a727581cdb8965282d9d12c1441096f70cc94eeefb9",
                "sha256:73aedf767dbc6ee7ae70880f97e2c8f53d23c791dc255c802abdf09e351a6687",
                "sha256:8eeaf126baeb1130d7097900a908b535e548385410975e07065960528d275c72",
                "sha256:9c067764f4119dd7bce3228b0b508d48ddad5d726c580b70215ee78baa2eb512",
                "sha256:a3d370e7cca9d616128ad925d52112ee97a81dc497f1b2e053f28f4c0875830f",
                "sha256:b28472d8424de1196dfad6a43ec5b59814a190b33a39871c818efa384eb5ac2e",
                "sha256:b499251171a74d8f05a51528a4ff05487171a502ab6f0f800a7b8c21893aea07",
                "sha256:baafd1c67a446c20b923a8e5544f99be0db690b8ee48db8382852282456e5b37",
                "sha256:bb0f143e2215f3cb4d53b4ebf939759ca262a8717a3ed7ebdb413354e313efc2",
                "sha256:bee4cb63ff0b46287caad65619d903dc561810506123c2eb6f16cc3e4c9275b9",
                "sha256:c58a6ec694576a801c4d19cf313b8e5f945c6cfc7d6b6736f385f8850031ccbc",
                "sha256:c7d5f9dfe0f901d45c96137c4dd660e3b71548ccf15ea1210d94c0ffa65f5348",
                "sha256:ca5512ec52c693d6dbea25592f21cd4e463c9414006fdcd6e8e0fa5c71581f15",
                "sha256:cf95d9f551231c70c877bca9cd0d51c204e1f2d9742d5bfaed302074879325c4",
                "sha256:d09a32ce007f4e6401ab33ddbd7719acf7243d5a26fb6f698f5112dd87c74be7",
                "sha256:dbc627f1d7439f93d62aeb563ec0bbf94e3f1a8a7149919fa1f0cfaa24391b29",
                "sha256:e92ca6de288d3a871d16942188dfc499ace365d1f7d9052a4a81b2897485af4f",
                "sha256:ff953320b23f04eb596ddb984da6aced577a8e211c0aacc8bd73fe82a9047d47"
            ],
            "index": "pypi",
            "version": "==2.0.16"
        },
        "atomicwrites": {
            "hashes": [
                "sha256:6d1784dea7c0c8d4a5172b6c620f40b6e4cbfdf96d783691f2e1302a7b88e197",
                "sha256:ae70396ad1a434f9c7046fd2dd196fc04b12f9e91ffb859164193be8b6168a7a"
            ],
            "markers": "python_version >= '2.7' and python_version not in '3.0, 3.1, 3.2, 3.3'",
            "version": "==1.4.0"
        },
        "attrs": {
            "hashes": [
                "sha256:26b54ddbbb9ee1d34d5d3668dd37d6cf74990ab23c828c2888dccdceee395594",
                "sha256:fce7fc47dfc976152e82d53ff92fa0407700c21acd20886a13777a0d20e655dc"
            ],
            "markers": "python_version >= '2.7' and python_version not in '3.0, 3.1, 3.2, 3.3'",
            "version": "==20.2.0"
        },
        "backports.functools-lru-cache": {
            "hashes": [
                "sha256:0bada4c2f8a43d533e4ecb7a12214d9420e66eb206d54bf2d682581ca4b80848",
                "sha256:8fde5f188da2d593bd5bc0be98d9abc46c95bb8a9dde93429570192ee6cc2d4a"
            ],
            "markers": "python_version < '3.2'",
            "version": "==1.6.1"
        },
        "backports.shutil-get-terminal-size": {
            "hashes": [
                "sha256:0975ba55054c15e346944b38956a4c9cbee9009391e41b86c68990effb8c1f64",
                "sha256:713e7a8228ae80341c70586d1cc0a8caa5207346927e23d09dcbcaf18eadec80"
            ],
            "markers": "python_version == '2.7'",
            "version": "==1.0.0"
        },
        "certifi": {
            "hashes": [
                "sha256:5930595817496dd21bb8dc35dad090f1c2cd0adfaf21204bf6732ca5d8ee34d3",
                "sha256:8fc0819f1f30ba15bdb34cceffb9ef04d99f420f68eb75d901e9560b8749fc41"
            ],
            "version": "==2020.6.20"
        },
        "chardet": {
            "hashes": [
                "sha256:84ab92ed1c4d4f16916e05906b6b75a6c0fb5db821cc65e70cbd64a3e2a5eaae",
                "sha256:fc323ffcaeaed0e0a02bf4d117757b98aed530d9ed4531e3e15460124c106691"
            ],
            "version": "==3.0.4"
        },
        "cycler": {
            "hashes": [
                "sha256:1d8a5ae1ff6c5cf9b93e8811e581232ad8920aeec647c37316ceac982b08cb2d",
                "sha256:cd7b2d1018258d7247a71425e9f26463dfb444d411c39569972f4ce586b0c9d8"
            ],
            "version": "==0.10.0"
        },
        "d2to1": {
            "hashes": [
                "sha256:49ef2d16862b3efdc81fc5c32eac373b984945cde5fc02bb01a0a11ff03dd825"
            ],
            "index": "pypi",
            "version": "==0.2.12.post1"
        },
        "decorator": {
            "hashes": [
                "sha256:41fa54c2a0cc4ba648be4fd43cff00aedf5b9465c9bf18d64325bc225f08f760",
                "sha256:e3a62f0520172440ca0dcc823749319382e377f37f140a0b99ef45fecb84bfe7"
            ],
            "version": "==4.4.2"
        },
        "enum34": {
            "hashes": [
                "sha256:a98a201d6de3f2ab3db284e70a33b0f896fbf35f8086594e8c9e74b909058d53",
                "sha256:c3858660960c984d6ab0ebad691265180da2b43f07e061c0f8dca9ef3cffd328",
                "sha256:cce6a7477ed816bd2542d03d53db9f0db935dd013b70f336a95c73979289f248"
            ],
            "markers": "python_version == '2.7'",
            "version": "==1.1.10"
        },
        "funcsigs": {
            "hashes": [
                "sha256:330cc27ccbf7f1e992e69fef78261dc7c6569012cf397db8d3de0234e6c937ca",
                "sha256:a7bb0f2cf3a3fd1ab2732cb49eba4252c2af4240442415b4abce3b87022a8f50"
            ],
            "markers": "python_version < '3.3' and python_version < '3.0'",
            "version": "==1.0.2"
        },
        "future": {
            "hashes": [
                "sha256:b1bead90b70cf6ec3f0710ae53a525360fa360d306a86583adc6bf83a4db537d"
            ],
            "markers": "python_version >= '2.6' and python_version not in '3.0, 3.1, 3.2'",
            "version": "==0.18.2"
        },
        "idna": {
            "hashes": [
                "sha256:b307872f855b18632ce0c21c5e45be78c0ea7ae4c15c828c20788b26921eb3f6",
                "sha256:b97d804b1e9b523befed77c48dacec60e6dcb0b5391d57af6a65a312a90648c0"
            ],
            "markers": "python_version >= '2.7' and python_version not in '3.0, 3.1, 3.2, 3.3'",
            "version": "==2.10"
        },
        "ipython": {
            "hashes": [
                "sha256:68eb2d70595ea5c3f9f5f8f562c9119e86b0f84de3e5d23407a142cb2a73ba11",
                "sha256:c58f6aabf833393babf321bc88091a53b861cbd2eff3588dabfc710e2e1cddaf",
                "sha256:d1f9e2d02bb0900ddef7b6af114aca3a5cf3dc43b9de1f19d37c4aedbc724fee"
            ],
            "version": "==5.10.0"
        },
        "ipython-genutils": {
            "hashes": [
                "sha256:72dd37233799e619666c9f639a9da83c34013a73e8bbc79a7a6348d93c61fab8",
                "sha256:eb2e116e75ecef9d4d228fdc66af54269afa26ab4463042e33785b887c628ba8"
            ],
            "version": "==0.2.0"
        },
        "kiwisolver": {
            "hashes": [
                "sha256:05b5b061e09f60f56244adc885c4a7867da25ca387376b02c1efc29cc16bcd0f",
                "sha256:210d8c39d01758d76c2b9a693567e1657ec661229bc32eac30761fa79b2474b0",
                "sha256:26f4fbd6f5e1dabff70a9ba0d2c4bd30761086454aa30dddc5b52764ee4852b7",
                "sha256:3b15d56a9cd40c52d7ab763ff0bc700edbb4e1a298dc43715ecccd605002cf11",
                "sha256:3b2378ad387f49cbb328205bda569b9f87288d6bc1bf4cd683c34523a2341efe",
                "sha256:400599c0fe58d21522cae0e8b22318e09d9729451b17ee61ba8e1e7c0346565c",
                "sha256:47b8cb81a7d18dbaf4fed6a61c3cecdb5adec7b4ac292bddb0d016d57e8507d5",
                "sha256:53eaed412477c836e1b9522c19858a8557d6e595077830146182225613b11a75",
                "sha256:58e626e1f7dfbb620d08d457325a4cdac65d1809680009f46bf41eaf74ad0187",
                "sha256:5a52e1b006bfa5be04fe4debbcdd2688432a9af4b207a3f429c74ad625022641",
                "sha256:5c7ca4e449ac9f99b3b9d4693debb1d6d237d1542dd6a56b3305fe8a9620f883",
                "sha256:682e54f0ce8f45981878756d7203fd01e188cc6c8b2c5e2cf03675390b4534d5",
                "sha256:76275ee077772c8dde04fb6c5bc24b91af1bb3e7f4816fd1852f1495a64dad93",
                "sha256:79bfb2f0bd7cbf9ea256612c9523367e5ec51d7cd616ae20ca2c90f575d839a2",
                "sha256:7f4dd50874177d2bb060d74769210f3bce1af87a8c7cf5b37d032ebf94f0aca3",
                "sha256:8944a16020c07b682df861207b7e0efcd2f46c7488619cb55f65882279119389",
                "sha256:8aa7009437640beb2768bfd06da049bad0df85f47ff18426261acecd1cf00897",
                "sha256:9105ce82dcc32c73eb53a04c869b6a4bc756b43e4385f76ea7943e827f529e4d",
                "sha256:933df612c453928f1c6faa9236161a1d999a26cd40abf1dc5d7ebbc6dbfb8fca",
                "sha256:939f36f21a8c571686eb491acfffa9c7f1ac345087281b412d63ea39ca14ec4a",
                "sha256:9491578147849b93e70d7c1d23cb1229458f71fc79c51d52dce0809b2ca44eea",
                "sha256:9733b7f64bd9f807832d673355f79703f81f0b3e52bfce420fc00d8cb28c6a6c",
                "sha256:a02f6c3e229d0b7220bd74600e9351e18bc0c361b05f29adae0d10599ae0e326",
                "sha256:a0c0a9f06872330d0dd31b45607197caab3c22777600e88031bfe66799e70bb0",
                "sha256:aa716b9122307c50686356cfb47bfbc66541868078d0c801341df31dca1232a9",
                "sha256:acc4df99308111585121db217681f1ce0eecb48d3a828a2f9bbf9773f4937e9e",
                "sha256:b64916959e4ae0ac78af7c3e8cef4becee0c0e9694ad477b4c6b3a536de6a544",
                "sha256:d22702cadb86b6fcba0e6b907d9f84a312db9cd6934ee728144ce3018e715ee1",
                "sha256:d3fcf0819dc3fea58be1fd1ca390851bdb719a549850e708ed858503ff25d995",
                "sha256:d52e3b1868a4e8fd18b5cb15055c76820df514e26aa84cc02f593d99fef6707f",
                "sha256:db1a5d3cc4ae943d674718d6c47d2d82488ddd94b93b9e12d24aabdbfe48caee",
                "sha256:e3a21a720791712ed721c7b95d433e036134de6f18c77dbe96119eaf7aa08004",
                "sha256:e8bf074363ce2babeb4764d94f8e65efd22e6a7c74860a4f05a6947afc020ff2",
                "sha256:f16814a4a96dc04bf1da7d53ee8d5b1d6decfc1a92a63349bb15d37b6a263dd9",
                "sha256:f2b22153870ca5cf2ab9c940d7bc38e8e9089fa0f7e5856ea195e1cf4ff43d5a",
                "sha256:f790f8b3dff3d53453de6a7b7ddd173d2e020fb160baff578d578065b108a05f",
                "sha256:fe51b79da0062f8e9d49ed0182a626a7dc7a0cbca0328f612c6ee5e4711c81e4"
            ],
            "markers": "python_version >= '2.7' and python_version not in '3.0, 3.1, 3.2, 3.3'",
            "version": "==1.1.0"
        },
        "linecache2": {
            "hashes": [
                "sha256:4b26ff4e7110db76eeb6f5a7b64a82623839d595c2038eeda662f2a2db78e97c",
                "sha256:e78be9c0a0dfcbac712fe04fbf92b96cddae80b1b842f24248214c8496f006ef"
            ],
            "version": "==1.0.0"
        },
        "matplotlib": {
            "hashes": [
                "sha256:2391e179bd91f7e9727f4d1a09803ce4dc973ed5c517b42430e9edf60bfdcc6a",
                "sha256:240565f560ff35f1c8bb5449a51c420c926478e087db89237a47ec92a29b32d1",
                "sha256:2f8cb0f84419808b9915cf8bf31b6e1b7542c1e4805399035799a2419e085b91",
                "sha256:4c65889d35736ce0f2f94e0dbac72c93f85cea613fd477c7970e7af5d1e71f11",
                "sha256:57077b4023f1af0151b6b580bccfcff2e3ec1e0f689ef58e4d1e751cdfbf13f0",
                "sha256:59b219991e5ebf858cd0d35cdd97c3db30b7fd003fe9321aac0355aa8ae665b1",
                "sha256:5d46546f152a24ce06e20b0aff0b74648cae0ab0e8de1470a4d4b5a2a8aaf414",
                "sha256:62c671fa6a426d59578354c9ba6ba109f91ed65901180c999191a217f8d6a35f",
                "sha256:6bcd44556cdce178100180d0d04df68ab50eb267c60453f34f248c5559579a9e",
                "sha256:73f29adce52f98564e738537449e35ea64edd37c043773694a5ee1ac9424d85a",
                "sha256:7aac72d80be3d0d0378dd8136fe6e5379533f840ea1b68de63ba8eaf2adb1dee",
                "sha256:7f78529a92242b4adc1db9daf5b71362a35cd9a5cd8cb4db2b83349df2b0dbb8",
                "sha256:845a4c2db94419f0642946a2577fc3f50e339824eff759c68c4bb988c9769955",
                "sha256:88ad35aae58d1800844e3d1c06bea2831092ff930dd7902f0d3976ba762894f8",
                "sha256:8e791377f2f76fdf23bb12f71bf8182f07d5d994ad9ab7b0f7038b0f79f85ccb",
                "sha256:8f0af3228314b46ee72009c604f40c7e07b5d52048e252abb205a5ff77cc8d6b",
                "sha256:900b4f00dbd37e8b7dfe5f7209f506384c69617ab109f417ea09a55baab1af7a",
                "sha256:9b60582cbfd2cc314e2cd84fb86c9c879f8887458cf27940720ef8aa5a73b3b4",
                "sha256:9e43d73ac507545d49aea0cfa7b1f6a37eec74621bd9bdff8dbb6d16f560ced8",
                "sha256:a3037a840cd9dfdc2df9fee8af8f76ca82bfab173c0f9468193ca7a89a2b60ea",
                "sha256:a3c1c62db6469cf8eb778c5c4c020d6a35424b9a4cb385db7486b77ae35be358",
                "sha256:aa545123f55da7c6566c0e0e66c52d938129865cec2f3058a1842ca62741e248",
                "sha256:b11160764f2d1757788ad209723cada52f72f7b80903a49e5b6f8c055f5e38bd",
                "sha256:d541616636cff89a7d6427ce583a5b48a93e4fbb9c7ce3e0f5f47b2436d376bb",
                "sha256:f436a4a425b6b7150cffde9581dc4563ae3f4f10494191db57547c202d1c15b7"
            ],
            "index": "pypi",
            "version": "==2.2.5"
        },
        "mock": {
            "hashes": [
                "sha256:83657d894c90d5681d62155c82bda9c1187827525880eda8ff5df4ec813437c3",
                "sha256:d157e52d4e5b938c550f39eb2fd15610db062441a9c2747d3dbfa9298211d0f8"
            ],
            "index": "pypi",
            "version": "==3.0.5"
        },
        "montage-wrapper": {
            "hashes": [
                "sha256:37df2bdf798fb78e5ed6fb58d7f8bc7afeeb6c430756228c4a18eb4d0cfd11d2",
                "sha256:cdf7722297c95ef0c3065de96636d467cb9db4049298f4df10957d209e64a724"
            ],
            "index": "pypi",
            "version": "==0.9.9"
        },
        "more-itertools": {
            "hashes": [
                "sha256:38a936c0a6d98a38bcc2d03fdaaedaba9f412879461dd2ceff8d37564d6522e4",
                "sha256:c0a5785b1109a6bd7fac76d6837fd1feca158e54e521ccd2ae8bfe393cc9d4fc",
                "sha256:fe7a7cae1ccb57d33952113ff4fa1bc5f879963600ed74918f1236e212ee50b9"
            ],
            "version": "==5.0.0"
        },
        "numpy": {
            "hashes": [
                "sha256:08bf4f66f190822f4642e036accde8da810b87fffc0b9409e7a00d9e54760099",
                "sha256:1680c8d5086a88d293dfd1a10b6429a09140cacee878034fa2308472ec835db4",
                "sha256:23cad5e5858dfb73c0e5bce03fe78e5e5908c22263156c58d4afdbb240683c6c",
                "sha256:345b1748e6b0d4773a518868c783b16fdc33a22683bdb863484cd29fe8d206e6",
                "sha256:34e6bb44e3d9a663f903b8c297ede865b4dff039aa43cc9a0b249e02c27f1396",
                "sha256:390f6e14a8d73591f086680464aa101a9be9187d0c633f48c98b429b31b712c2",
                "sha256:3f423b06bf67cd1dbf72e13e9b53a9ca71972e5abf712ee6cb5d8cbb178fff02",
                "sha256:55cae40d2024c56e7b79fb070106cb4289dcc6b55c62dba1d89a6944448c6a53",
                "sha256:60c56922c9d759d664078fbef94132377ef1498ab27dd3d0cc7a21b346e68c06",
                "sha256:6b1853364775edb85ceb0f7f8214d9e993d4d1d9bd3310eae80529ea14ba2ba6",
                "sha256:77399828d96cca386bfba453025c34f22569909d90332b961d3d4341cdb46a84",
                "sha256:7a5a1f49a643aa1ab3e0579da0a48b8a48ea4369eb63c5065459d0a37f430237",
                "sha256:817eed5a6ec2fc9c1a0ee3fbf9a441c66b6766383580513ccbdf3121acc0b4fb",
                "sha256:97ddfa7688295d460ee48a4d76337e9fdd2506d9d1d0eee7f0348b42b430da4c",
                "sha256:9bb690692f3101583b0b99f3be362742e4f8ebe6c7934fa36cd8ca2b567a0bcc",
                "sha256:a1772dc227e3e415eeaa646d25690dc854bddc3d626e454c7c27acba060cb900",
                "sha256:a1ffc9c770ccc2be9284310a3726c918b26ca19b34c0079e7a41aba950ab175f",
                "sha256:a4383edb1b8caa989c3541a37ef204916322c503b8eeacc7ee8f4ba24cac97b8",
                "sha256:b9e334568ca1bf56598eddfac6db6a75bcf1c91aa90d598648f21e45207daeae",
                "sha256:c9fb4fcfcdcaccfe2c4e1f9e0133ed59df5df2aa3655f3d391887e892b0a784c",
                "sha256:d3c5377c6122de876e695937ef41ffee5d2831154c5e4856481b93406cdfeecb",
                "sha256:d759ca1b76ac6f6b6159fb74984126035feb1dee9f68b4b961889b6dc090f33a",
                "sha256:e5cf3fdf13401885e8eea8170624ec96225e2174eb0c611c6f26dd33b489e3ff"
            ],
            "markers": "python_version >= '2.7' and python_version not in '3.0, 3.1, 3.2, 3.3'",
            "version": "==1.16.6"
        },
        "pathlib2": {
            "hashes": [
                "sha256:0ec8205a157c80d7acc301c0b18fbd5d44fe655968f5d947b6ecef5290fc35db",
                "sha256:6cd9a47b597b37cc57de1c05e56fb1a1c9cc9fab04fe78c29acd090418529868"
            ],
            "markers": "python_version in '2.6, 2.7, 3.2, 3.3' and python_version in '2.7, 3.3'",
            "version": "==2.3.5"
        },
        "pexpect": {
            "hashes": [
                "sha256:0b48a55dcb3c05f3329815901ea4fc1537514d6ba867a152b581d69ae3710937",
                "sha256:fc65a43959d153d0114afe13997d439c22823a27cefceb5ff35c2178c6784c0c"
            ],
            "markers": "sys_platform != 'win32'",
            "version": "==4.8.0"
        },
        "pickleshare": {
            "hashes": [
                "sha256:87683d47965c1da65cdacaf31c8441d12b8044cdec9aca500cd78fc2c683afca",
                "sha256:9649af414d74d4df115d5d718f82acb59c9d418196b7b4290ed47a12ce62df56"
            ],
            "version": "==0.7.5"
        },
        "pluggy": {
            "hashes": [
                "sha256:6e3836e39f4d36ae72840833db137f7b7d35105079aee6ec4a62d9f80d594dd1",
                "sha256:95eb8364a4708392bae89035f45341871286a333f749c3141c20573d2b3876e1"
            ],
            "markers": "python_version >= '2.7' and python_version not in '3.0, 3.1, 3.2, 3.3'",
            "version": "==0.7.1"
        },
        "prompt-toolkit": {
            "hashes": [
                "sha256:37925b37a4af1f6448c76b7606e0285f79f434ad246dda007a27411cca730c6d",
                "sha256:dd4fca02c8069497ad931a2d09914c6b0d1b50151ce876bc15bde4c747090126",
                "sha256:f7eec66105baf40eda9ab026cd8b2e251337eea8d111196695d82e0c5f0af852"
            ],
            "version": "==1.0.18"
        },
        "ptyprocess": {
            "hashes": [
                "sha256:923f299cc5ad920c68f2bc0bc98b75b9f838b93b599941a6b63ddbc2476394c0",
                "sha256:d7cc528d76e76342423ca640335bd3633420dc1366f258cb31d05e865ef5ca1f"
            ],
            "version": "==0.6.0"
        },
        "py": {
            "hashes": [
                "sha256:366389d1db726cd2fcfc79732e75410e5fe4d31db13692115529d34069a043c2",
                "sha256:9ca6883ce56b4e8da7e79ac18787889fa5206c79dcc67fb065376cd2fe03f342"
            ],
            "markers": "python_version >= '2.7' and python_version not in '3.0, 3.1, 3.2, 3.3'",
            "version": "==1.9.0"
        },
        "pyfits": {
            "hashes": [
                "sha256:4e668622d5a3c140590bc6cf8222afcd4d133dde3d6beda3b9c3c9539c5acf18"
            ],
            "index": "pypi",
            "version": "==3.5"
        },
        "pygments": {
            "hashes": [
                "sha256:2a3fe295e54a20164a9df49c75fa58526d3be48e14aceba6d6b1e8ac0bfd6f1b",
                "sha256:98c8aa5a9f778fcd1026a17361ddaf7330d1b7c62ae97c3bb0ae73e0b9b6b0fe"
            ],
            "markers": "python_version >= '2.7' and python_version not in '3.0, 3.1, 3.2, 3.3, 3.4'",
            "version": "==2.5.2"
        },
        "pyparsing": {
            "hashes": [
                "sha256:c203ec8783bf771a155b207279b9bccb8dea02d8f0c9e5f8ead507bc3246ecc1",
                "sha256:ef9d7589ef3c200abe66653d3f1ab1033c3c419ae9b9bdb1240a85b024efc88b"
            ],
            "markers": "python_version >= '2.6' and python_version not in '3.0, 3.1, 3.2'",
            "version": "==2.4.7"
        },
        "pyraf": {
            "hashes": [
                "sha256:beb4e1ba11268820d22aadf9c178a86d3ec8db6d25b5a7e6c03ad9400d0c46f8"
            ],
            "index": "pypi",
            "version": "==2.1.15"
        },
        "pytest": {
            "hashes": [
                "sha256:341ec10361b64a24accaec3c7ba5f7d5ee1ca4cebea30f76fad3dd12db9f0541",
                "sha256:952c0389db115437f966c4c2079ae9d54714b9455190e56acebe14e8c38a7efa"
            ],
            "markers": "python_version >= '2.7' and python_version not in '3.0, 3.1, 3.2, 3.3'",
            "version": "==3.6.4"
        },
        "python-dateutil": {
            "hashes": [
                "sha256:73ebfe9dbf22e832286dafa60473e4cd239f8592f699aa5adaf10050e6e1823c",
                "sha256:75bb3f31ea686f1197762692a9ee6a7550b59fc6ca3a1f4b5d7e32fb98e2da2a"
            ],
            "markers": "python_version >= '2.7' and python_version not in '3.0, 3.1, 3.2'",
            "version": "==2.8.1"
        },
        "pytz": {
            "hashes": [
                "sha256:a494d53b6d39c3c6e44c3bec237336e14305e4f29bbf800b599253057fbb79ed",
                "sha256:c35965d010ce31b23eeb663ed3cc8c906275d6be1a34393a1d73a41febf4a048"
            ],
            "version": "==2020.1"
        },
        "requests": {
            "hashes": [
                "sha256:b3559a131db72c33ee969480840fff4bb6dd111de7dd27c8ee1f820f4f00231b",
                "sha256:fe75cc94a9443b9246fc7049224f75604b113c36acb93f87b80ed42c44cbb898"
            ],
            "index": "pypi",
            "version": "==2.24.0"
        },
        "scandir": {
            "hashes": [
                "sha256:2586c94e907d99617887daed6c1d102b5ca28f1085f90446554abf1faf73123e",
                "sha256:2ae41f43797ca0c11591c0c35f2f5875fa99f8797cb1a1fd440497ec0ae4b022",
                "sha256:2b8e3888b11abb2217a32af0766bc06b65cc4a928d8727828ee68af5a967fa6f",
                "sha256:2c712840c2e2ee8dfaf36034080108d30060d759c7b73a01a52251cc8989f11f",
                "sha256:4d4631f6062e658e9007ab3149a9b914f3548cb38bfb021c64f39a025ce578ae",
                "sha256:67f15b6f83e6507fdc6fca22fedf6ef8b334b399ca27c6b568cbfaa82a364173",
                "sha256:7d2d7a06a252764061a020407b997dd036f7bd6a175a5ba2b345f0a357f0b3f4",
                "sha256:8c5922863e44ffc00c5c693190648daa6d15e7c1207ed02d6f46a8dcc2869d32",
                "sha256:92c85ac42f41ffdc35b6da57ed991575bdbe69db895507af88b9f499b701c188",
                "sha256:b24086f2375c4a094a6b51e78b4cf7ca16c721dcee2eddd7aa6494b42d6d519d",
                "sha256:cb925555f43060a1745d0a321cca94bcea927c50114b623d73179189a4e100ac"
            ],
            "markers": "python_version < '3.5'",
            "version": "==1.10.0"
        },
        "scipy": {
            "hashes": [
                "sha256:0c23e5b3a314dce4049b969c81ad801cf05e1fe699760846c7567deaa9b8c548",
                "sha256:19904399501ecf56ead21b307cc52c8ff03a2103343f554f3fbc189bb2cf1609",
                "sha256:1bc0720f149fbb69d19156cf91730aa21455c58949aea56bfaa2b74c06868100",
                "sha256:2ff82db1393bd5d8ddeb9134e8f77a8e971e635452d7e65f7238f40c71d385a8",
                "sha256:3397ce30e240e9a543d81f623a9e8e98ae39012cf72e42e95929530a03f20791",
                "sha256:39bf06b2536e69f08a257b260aaa25d088d755b73cf3751b44e5838ccb1d0a82",
                "sha256:487a61a7e477923c7a9e8fa06f27e3f2dbc7ce9450a970a2e5d902b0a305d028",
                "sha256:503e25b8da22b1be6f2f81e1dcf26f42bfb13fe89bccbf8bc48e1b6f2a4789c8",
                "sha256:53353a504ad2181eb27c9d61e91ce29324f8b7550876736a08a36e6b60c43407",
                "sha256:57a0ee083b94944ba6329e755d112bfd53a98bd9a6a4faf10bc7722c955a7653",
                "sha256:5d950892a6a2da6dae2b5a3021b329dbf04483a7fb0bd3011685db7f51578ae7",
                "sha256:7aeb232273b38e74d89181d9165ca47314e1c4269afe7c3a1926aea3e63345a2",
                "sha256:7e6c485c3f2789c790fe4cc5c6c3b4554000d284fd05be90479b6fbd8795d064",
                "sha256:8533e8c2e467eed913a0aa4fac09c9fb824f32d1ab1121db3a50845f9b347825",
                "sha256:8b3ac1e50188792fdf811e5a747df2b784c65d9a17f59609a73c8285424a48ad",
                "sha256:92fbdcf9acebf2007502adbed1b22e3a3e9445aceb5e7a568f9759d76461368b",
                "sha256:b2fad2430232f8c2faeb0abff7ed5191f0a534bd1bd482c71a9616c44e674c76",
                "sha256:b38f2e6d53f852ae1de1aacead2c26a69c91b36f833e744557ca370979b81652",
                "sha256:b6cbb7125b0c742e0f31fb293d19e9f1a03db58f6ddefc51a2025ee15ae607cb",
                "sha256:b8b0e81a2b87d68acf4a54aea800edafbb5bc9a04f38256718826f95f625fb75",
                "sha256:c08013e0fe1554372da9312d5bad588402f71c0636f0f86a9b9b61d507c59bac",
                "sha256:cac83647970115dfb6d29dc3b4ab44b3aa11254e8aeba115f88ad0ccbb273085",
                "sha256:d39ae9cfd7bdea7753fd617e2edfc68b94a019a65c0153c3fced35cf657b79e7",
                "sha256:e870dfd006ab657f9cc48b099646c5ceb4e812e59a7d460dc80ac9a659f089dc",
                "sha256:ecbe6413ca90b8e19f8475bfa303ac001e81b04ec600d17fa7f816271f7cca57",
                "sha256:ecc27dda36d7172bb4ed7f245499e28251fa17909b314b4e8956a942f302e1a3",
                "sha256:ee213d8c8eee0540ba91efca61605dc0e2b5bd90ca35ab49c85f0ad7038df00f",
                "sha256:f658f90db1530f70128bbeb2c1e61006de2eb2382408080a211d885f501af3a7"
            ],
            "index": "pypi",
            "version": "==1.2.3"
        },
        "simplegeneric": {
            "hashes": [
                "sha256:dc972e06094b9af5b855b3df4a646395e43d1c9d0d39ed345b7393560d0b9173"
            ],
            "version": "==0.8.1"
        },
        "six": {
            "hashes": [
                "sha256:30639c035cdb23534cd4aa2dd52c3bf48f06e5f4a941509c8bafd8ce11080259",
                "sha256:8b74bedcbbbaca38ff6d7491d76f2b06b3592611af620f8426e82dddb04a5ced"
            ],
            "markers": "python_version >= '2.7' and python_version not in '3.0, 3.1, 3.2'",
            "version": "==1.15.0"
        },
        "stsci.tools": {
            "hashes": [
                "sha256:a7cc0ea60e1d078a3f0dab3face99d1c444660d4884d58c090b2728a1559c38e"
            ],
            "version": "==3.6.0"
        },
        "subprocess32": {
            "hashes": [
                "sha256:88e37c1aac5388df41cc8a8456bb49ebffd321a3ad4d70358e3518176de3a56b",
                "sha256:e45d985aef903c5b7444d34350b05da91a9e0ea015415ab45a21212786c649d0",
                "sha256:eb2937c80497978d181efa1b839ec2d9622cf9600a039a79d0e108d1f9aec79d"
            ],
            "index": "pypi",
            "version": "==3.5.4"
        },
        "traceback2": {
            "hashes": [
                "sha256:05acc67a09980c2ecfedd3423f7ae0104839eccb55fc645773e1caa0951c3030",
                "sha256:8253cebec4b19094d67cc5ed5af99bf1dba1285292226e98a31929f87a5d6b23"
            ],
            "version": "==1.4.0"
        },
        "traitlets": {
            "hashes": [
                "sha256:70b4c6a1d9019d7b4f6846832288f86998aa3b9207c6821f3578a6a6a467fe44",
                "sha256:d023ee369ddd2763310e4c3eae1ff649689440d4ae59d7485eb4cfbbe3e359f7"
            ],
            "version": "==4.3.3"
        },
        "uncertainties": {
            "hashes": [
                "sha256:342703c36eabf99251b35fbd30d748d6220451fc88f586924bdec91cfe6bc6c0",
                "sha256:63548a94899f2a51eeb89b640f6ac311f481a8016b37dce157186e44619bc968"
            ],
            "index": "pypi",
            "version": "==3.1.4"
        },
        "unittest2": {
            "hashes": [
                "sha256:13f77d0875db6d9b435e1d4f41e74ad4cc2eb6e1d5c824996092b3430f088bb8",
                "sha256:22882a0e418c284e1f718a822b3b022944d53d2d908e1690b319a9d3eb2c0579"
            ],
            "index": "pypi",
            "version": "==1.1.0"
        },
        "urllib3": {
            "hashes": [
                "sha256:91056c15fa70756691db97756772bb1eb9678fa585d9184f24534b100dc60f4a",
                "sha256:e7983572181f5e1522d9c98453462384ee92a0be7fac5f1413a1e35c56cc0461"
            ],
            "markers": "python_version >= '2.7' and python_version not in '3.0, 3.1, 3.2, 3.3, 3.4' and python_version < '4'",
            "version": "==1.25.10"
        },
        "wcwidth": {
            "hashes": [
                "sha256:beb4802a9cebb9144e99086eff703a642a13d6a0052920003a230f3294bbe784",
                "sha256:c4d647b99872929fdb7bdcaa4fbe7f01413ed3d98077df798530e5b04f116c83"
            ],
            "version": "==0.2.5"
        }
    },
    "develop": {}
}
